
Microsoft Visual Studio Solution File, Format Version 12.00
# Visual Studio 15
VisualStudioVersion = 15.0.27703.2026
MinimumVisualStudioVersion = 10.0.40219.1
Project("{FAE04EC0-301F-11D3-BF4B-00C04F79EFBC}") = "11.PassingValues", "11.PassingValues\11.PassingValues.csproj", "{6FAEAC85-689A-4896-9700-BED4C698A409}"
EndProject
Project("{FAE04EC0-301F-11D3-BF4B-00C04F79EFBC}") = "12.Nullables", "12.Nullables\12.Nullables.csproj", "{BBC126D4-0AF8-4777-8B84-8852CEEA2319}"
EndProject
Project("{FAE04EC0-301F-11D3-BF4B-00C04F79EFBC}") = "13.Arrays", "13.Arrays\13.Arrays.csproj", "{84EC8F77-3655-41E4-9229-A4C3464DE5A2}"
EndProject
Project("{FAE04EC0-301F-11D3-BF4B-00C04F79EFBC}") = "14.Strings", "14.Strings\14.Strings.csproj", "{F4A1375D-480E-4E7E-95BC-53CE8EBE8347}"
EndProject
Project("{FAE04EC0-301F-11D3-BF4B-00C04F79EFBC}") = "_1.Environment", "_1.Environment\_1.Environment.csproj", "{6A3B2C1D-6088-4868-B45C-2E17E637DC8C}"
EndProject
Project("{FAE04EC0-301F-11D3-BF4B-00C04F79EFBC}") = "_2.Basic Syntax", "_2.Basic Syntax\_2.Basic Syntax.csproj", "{1938E39C-437F-44C7-BA35-23A582066A2F}"
EndProject
Project("{FAE04EC0-301F-11D3-BF4B-00C04F79EFBC}") = "_3.Data Types", "_3.Data Types\_3.Data Types.csproj", "{14410904-60B3-420A-8E45-6840C66A97AD}"
EndProject
Project("{FAE04EC0-301F-11D3-BF4B-00C04F79EFBC}") = "_4.TypeConversation", "_4.TypeConversation\_4.TypeConversation.csproj", "{1041064C-1545-4024-8FEC-87E4CDD368F7}"
EndProject
Project("{FAE04EC0-301F-11D3-BF4B-00C04F79EFBC}") = "_5.AcceptValuesFromUser", "_5.AcceptValuesFromUser\_5.AcceptValuesFromUser.csproj", "{6B92C3C6-88E1-4808-B163-67AD68C5776B}"
EndProject
Project("{FAE04EC0-301F-11D3-BF4B-00C04F79EFBC}") = "_6.DefineConstants", "_6.DefineConstants\_6.DefineConstants.csproj", "{0E074458-19AD-4E9A-847C-B63A8FDD503E}"
EndProject
Project("{FAE04EC0-301F-11D3-BF4B-00C04F79EFBC}") = "_7.PublicAccess", "_7.Operators\_7.PublicAccess.csproj", "{F7F113EA-A833-481D-A755-BA8AA2A0816F}"
EndProject
Project("{FAE04EC0-301F-11D3-BF4B-00C04F79EFBC}") = "_8.PrivateAccess", "_8.PrivateAccess\_8.PrivateAccess.csproj", "{F01999B9-75AE-4BE1-842F-6CF216355CA9}"
EndProject
Project("{FAE04EC0-301F-11D3-BF4B-00C04F79EFBC}") = "_9.InternalAccess", "_9.InternalAccess\_9.InternalAccess.csproj", "{961A701C-8C5D-41F5-9018-099E922061EE}"
EndProject
Project("{FAE04EC0-301F-11D3-BF4B-00C04F79EFBC}") = "10.Methods", "10.Methods\10.Methods.csproj", "{0878B001-5740-4F55-9697-9ED0E8E2360B}"
EndProject
Project("{FAE04EC0-301F-11D3-BF4B-00C04F79EFBC}") = "15.Structures", "15.Structures\15.Structures.csproj", "{8664C9BE-28B2-49ED-9225-BEAFA979EB3A}"
EndProject
Project("{FAE04EC0-301F-11D3-BF4B-00C04F79EFBC}") = "16.Enums", "16.Enums\16.Enums.csproj", "{DD9B5B12-DCDB-4190-A063-DDB7B1FFE5B3}"
EndProject
Project("{FAE04EC0-301F-11D3-BF4B-00C04F79EFBC}") = "17.Classes", "17.Classes\17.Classes.csproj", "{5FF902A1-7833-4339-8805-E6C50214FE30}"
EndProject
Project("{FAE04EC0-301F-11D3-BF4B-00C04F79EFBC}") = "18.Inheritance", "18.Inheritance\18.Inheritance.csproj", "{EAEF7EBB-C06C-4527-B8F7-5B91DBBA271D}"
EndProject
Project("{FAE04EC0-301F-11D3-BF4B-00C04F79EFBC}") = "19.Polymorphism", "19.Polymorphism\19.Polymorphism.csproj", "{060FFD74-1302-4DB2-9931-467112BDD429}"
EndProject
Project("{FAE04EC0-301F-11D3-BF4B-00C04F79EFBC}") = "20.FunctionOverloading", "20.FunctionOverloading\20.FunctionOverloading.csproj", "{01DC1438-35BC-43F7-8A29-8D17A03A67EB}"
EndProject
Project("{FAE04EC0-301F-11D3-BF4B-00C04F79EFBC}") = "21.OverloadingOperator", "21.OverloadingOperator\21.OverloadingOperator.csproj", "{EA784139-986E-47FF-8243-5D25740BC546}"
EndProject
Project("{FAE04EC0-301F-11D3-BF4B-00C04F79EFBC}") = "22.Interfaces", "22.Interfaces\22.Interfaces.csproj", "{09C04177-0AE8-4EB4-90FA-85AE5B854501}"
EndProject
Project("{FAE04EC0-301F-11D3-BF4B-00C04F79EFBC}") = "23.Namespaces", "23.Namespaces\23.Namespaces.csproj", "{8859B630-CE3F-4A13-AE8C-1C40EB36CA6B}"
EndProject
Project("{FAE04EC0-301F-11D3-BF4B-00C04F79EFBC}") = "24.PreprocessorDirectives", "24.PreprocessorDirectives\24.PreprocessorDirectives.csproj", "{83E23901-C750-4B35-AE8A-342B191E16B9}"
EndProject
Project("{FAE04EC0-301F-11D3-BF4B-00C04F79EFBC}") = "25.RegularExpressions", "25.RegularExpressions\25.RegularExpressions.csproj", "{867249E7-324E-46C1-B1F5-16D8D2922B34}"
EndProject
Project("{FAE04EC0-301F-11D3-BF4B-00C04F79EFBC}") = "26.ExceptionHandling", "26.ExceptionHandling\26.ExceptionHandling.csproj", "{E4E7BDDA-3501-41EC-8A36-E0B3230C6927}"
EndProject
Project("{FAE04EC0-301F-11D3-BF4B-00C04F79EFBC}") = "27.FileIO", "27.FileIO\27.FileIO.csproj", "{7604A3E0-13B9-459A-9FB3-76B7D1B0B3BA}"
EndProject
Project("{FAE04EC0-301F-11D3-BF4B-00C04F79EFBC}") = "28.Attributes", "28.Attributes\28.Attributes.csproj", "{4F7A6AD9-53FE-4B4E-B498-E20E205BBAC6}"
EndProject
Project("{FAE04EC0-301F-11D3-BF4B-00C04F79EFBC}") = "29.Reflection", "29.Reflection\29.Reflection.csproj", "{A3ED6E82-2AAC-4E6F-A28E-D17D2BF72B84}"
EndProject
Project("{FAE04EC0-301F-11D3-BF4B-00C04F79EFBC}") = "30.Properties", "30.Properties\30.Properties.csproj", "{F39845E8-07C3-403C-BBB7-761F221FF946}"
EndProject
Project("{FAE04EC0-301F-11D3-BF4B-00C04F79EFBC}") = "31.Indexers", "31.Indexers\31.Indexers.csproj", "{B2C1B0AF-1F78-4D8E-94C5-CA465B05DC25}"
EndProject
Project("{FAE04EC0-301F-11D3-BF4B-00C04F79EFBC}") = "32.Delegates", "32.Delegates\32.Delegates.csproj", "{198A4D15-0AB4-43F1-9EB9-C1FA218F825D}"
EndProject
Project("{FAE04EC0-301F-11D3-BF4B-00C04F79EFBC}") = "33.Events", "33.Events\33.Events.csproj", "{FE636B2E-6A52-4821-AFAF-4450E1B3520B}"
EndProject
Project("{FAE04EC0-301F-11D3-BF4B-00C04F79EFBC}") = "34.Collections", "34.Collections\34.Collections.csproj", "{F3DD6B39-E8AA-44D5-BBD3-48B6988D7EE7}"
EndProject
Project("{FAE04EC0-301F-11D3-BF4B-00C04F79EFBC}") = "35.Generics", "35.Generics\35.Generics.csproj", "{7B6D37EE-F377-4660-A29D-F9C458C31977}"
EndProject
Project("{FAE04EC0-301F-11D3-BF4B-00C04F79EFBC}") = "36.AnnonymousMethods", "36.AnnonymousMethods\36.AnnonymousMethods.csproj", "{6B821EE1-5C48-4C30-B3F5-90CC3DD508BC}"
EndProject
Global
	GlobalSection(SolutionConfigurationPlatforms) = preSolution
		Debug|Any CPU = Debug|Any CPU
		Release|Any CPU = Release|Any CPU
	EndGlobalSection
	GlobalSection(ProjectConfigurationPlatforms) = postSolution
		{6FAEAC85-689A-4896-9700-BED4C698A409}.Debug|Any CPU.ActiveCfg = Debug|Any CPU
		{6FAEAC85-689A-4896-9700-BED4C698A409}.Debug|Any CPU.Build.0 = Debug|Any CPU
		{6FAEAC85-689A-4896-9700-BED4C698A409}.Release|Any CPU.ActiveCfg = Release|Any CPU
		{6FAEAC85-689A-4896-9700-BED4C698A409}.Release|Any CPU.Build.0 = Release|Any CPU
		{BBC126D4-0AF8-4777-8B84-8852CEEA2319}.Debug|Any CPU.ActiveCfg = Debug|Any CPU
		{BBC126D4-0AF8-4777-8B84-8852CEEA2319}.Debug|Any CPU.Build.0 = Debug|Any CPU
		{BBC126D4-0AF8-4777-8B84-8852CEEA2319}.Release|Any CPU.ActiveCfg = Release|Any CPU
		{BBC126D4-0AF8-4777-8B84-8852CEEA2319}.Release|Any CPU.Build.0 = Release|Any CPU
		{84EC8F77-3655-41E4-9229-A4C3464DE5A2}.Debug|Any CPU.ActiveCfg = Debug|Any CPU
		{84EC8F77-3655-41E4-9229-A4C3464DE5A2}.Debug|Any CPU.Build.0 = Debug|Any CPU
		{84EC8F77-3655-41E4-9229-A4C3464DE5A2}.Release|Any CPU.ActiveCfg = Release|Any CPU
		{84EC8F77-3655-41E4-9229-A4C3464DE5A2}.Release|Any CPU.Build.0 = Release|Any CPU
		{F4A1375D-480E-4E7E-95BC-53CE8EBE8347}.Debug|Any CPU.ActiveCfg = Debug|Any CPU
		{F4A1375D-480E-4E7E-95BC-53CE8EBE8347}.Debug|Any CPU.Build.0 = Debug|Any CPU
		{F4A1375D-480E-4E7E-95BC-53CE8EBE8347}.Release|Any CPU.ActiveCfg = Release|Any CPU
		{F4A1375D-480E-4E7E-95BC-53CE8EBE8347}.Release|Any CPU.Build.0 = Release|Any CPU
		{6A3B2C1D-6088-4868-B45C-2E17E637DC8C}.Debug|Any CPU.ActiveCfg = Debug|Any CPU
		{6A3B2C1D-6088-4868-B45C-2E17E637DC8C}.Debug|Any CPU.Build.0 = Debug|Any CPU
		{6A3B2C1D-6088-4868-B45C-2E17E637DC8C}.Release|Any CPU.ActiveCfg = Release|Any CPU
		{6A3B2C1D-6088-4868-B45C-2E17E637DC8C}.Release|Any CPU.Build.0 = Release|Any CPU
		{1938E39C-437F-44C7-BA35-23A582066A2F}.Debug|Any CPU.ActiveCfg = Debug|Any CPU
		{1938E39C-437F-44C7-BA35-23A582066A2F}.Debug|Any CPU.Build.0 = Debug|Any CPU
		{1938E39C-437F-44C7-BA35-23A582066A2F}.Release|Any CPU.ActiveCfg = Release|Any CPU
		{1938E39C-437F-44C7-BA35-23A582066A2F}.Release|Any CPU.Build.0 = Release|Any CPU
		{14410904-60B3-420A-8E45-6840C66A97AD}.Debug|Any CPU.ActiveCfg = Debug|Any CPU
		{14410904-60B3-420A-8E45-6840C66A97AD}.Debug|Any CPU.Build.0 = Debug|Any CPU
		{14410904-60B3-420A-8E45-6840C66A97AD}.Release|Any CPU.ActiveCfg = Release|Any CPU
		{14410904-60B3-420A-8E45-6840C66A97AD}.Release|Any CPU.Build.0 = Release|Any CPU
		{1041064C-1545-4024-8FEC-87E4CDD368F7}.Debug|Any CPU.ActiveCfg = Debug|Any CPU
		{1041064C-1545-4024-8FEC-87E4CDD368F7}.Debug|Any CPU.Build.0 = Debug|Any CPU
		{1041064C-1545-4024-8FEC-87E4CDD368F7}.Release|Any CPU.ActiveCfg = Release|Any CPU
		{1041064C-1545-4024-8FEC-87E4CDD368F7}.Release|Any CPU.Build.0 = Release|Any CPU
		{6B92C3C6-88E1-4808-B163-67AD68C5776B}.Debug|Any CPU.ActiveCfg = Debug|Any CPU
		{6B92C3C6-88E1-4808-B163-67AD68C5776B}.Debug|Any CPU.Build.0 = Debug|Any CPU
		{6B92C3C6-88E1-4808-B163-67AD68C5776B}.Release|Any CPU.ActiveCfg = Release|Any CPU
		{6B92C3C6-88E1-4808-B163-67AD68C5776B}.Release|Any CPU.Build.0 = Release|Any CPU
		{0E074458-19AD-4E9A-847C-B63A8FDD503E}.Debug|Any CPU.ActiveCfg = Debug|Any CPU
		{0E074458-19AD-4E9A-847C-B63A8FDD503E}.Debug|Any CPU.Build.0 = Debug|Any CPU
		{0E074458-19AD-4E9A-847C-B63A8FDD503E}.Release|Any CPU.ActiveCfg = Release|Any CPU
		{0E074458-19AD-4E9A-847C-B63A8FDD503E}.Release|Any CPU.Build.0 = Release|Any CPU
		{F7F113EA-A833-481D-A755-BA8AA2A0816F}.Debug|Any CPU.ActiveCfg = Debug|Any CPU
		{F7F113EA-A833-481D-A755-BA8AA2A0816F}.Debug|Any CPU.Build.0 = Debug|Any CPU
		{F7F113EA-A833-481D-A755-BA8AA2A0816F}.Release|Any CPU.ActiveCfg = Release|Any CPU
		{F7F113EA-A833-481D-A755-BA8AA2A0816F}.Release|Any CPU.Build.0 = Release|Any CPU
		{F01999B9-75AE-4BE1-842F-6CF216355CA9}.Debug|Any CPU.ActiveCfg = Debug|Any CPU
		{F01999B9-75AE-4BE1-842F-6CF216355CA9}.Debug|Any CPU.Build.0 = Debug|Any CPU
		{F01999B9-75AE-4BE1-842F-6CF216355CA9}.Release|Any CPU.ActiveCfg = Release|Any CPU
		{F01999B9-75AE-4BE1-842F-6CF216355CA9}.Release|Any CPU.Build.0 = Release|Any CPU
		{961A701C-8C5D-41F5-9018-099E922061EE}.Debug|Any CPU.ActiveCfg = Debug|Any CPU
		{961A701C-8C5D-41F5-9018-099E922061EE}.Debug|Any CPU.Build.0 = Debug|Any CPU
		{961A701C-8C5D-41F5-9018-099E922061EE}.Release|Any CPU.ActiveCfg = Release|Any CPU
		{961A701C-8C5D-41F5-9018-099E922061EE}.Release|Any CPU.Build.0 = Release|Any CPU
		{0878B001-5740-4F55-9697-9ED0E8E2360B}.Debug|Any CPU.ActiveCfg = Debug|Any CPU
		{0878B001-5740-4F55-9697-9ED0E8E2360B}.Debug|Any CPU.Build.0 = Debug|Any CPU
		{0878B001-5740-4F55-9697-9ED0E8E2360B}.Release|Any CPU.ActiveCfg = Release|Any CPU
		{0878B001-5740-4F55-9697-9ED0E8E2360B}.Release|Any CPU.Build.0 = Release|Any CPU
		{8664C9BE-28B2-49ED-9225-BEAFA979EB3A}.Debug|Any CPU.ActiveCfg = Debug|Any CPU
		{8664C9BE-28B2-49ED-9225-BEAFA979EB3A}.Debug|Any CPU.Build.0 = Debug|Any CPU
		{8664C9BE-28B2-49ED-9225-BEAFA979EB3A}.Release|Any CPU.ActiveCfg = Release|Any CPU
		{8664C9BE-28B2-49ED-9225-BEAFA979EB3A}.Release|Any CPU.Build.0 = Release|Any CPU
		{DD9B5B12-DCDB-4190-A063-DDB7B1FFE5B3}.Debug|Any CPU.ActiveCfg = Debug|Any CPU
		{DD9B5B12-DCDB-4190-A063-DDB7B1FFE5B3}.Debug|Any CPU.Build.0 = Debug|Any CPU
		{DD9B5B12-DCDB-4190-A063-DDB7B1FFE5B3}.Release|Any CPU.ActiveCfg = Release|Any CPU
		{DD9B5B12-DCDB-4190-A063-DDB7B1FFE5B3}.Release|Any CPU.Build.0 = Release|Any CPU
		{5FF902A1-7833-4339-8805-E6C50214FE30}.Debug|Any CPU.ActiveCfg = Debug|Any CPU
		{5FF902A1-7833-4339-8805-E6C50214FE30}.Debug|Any CPU.Build.0 = Debug|Any CPU
		{5FF902A1-7833-4339-8805-E6C50214FE30}.Release|Any CPU.ActiveCfg = Release|Any CPU
		{5FF902A1-7833-4339-8805-E6C50214FE30}.Release|Any CPU.Build.0 = Release|Any CPU
		{EAEF7EBB-C06C-4527-B8F7-5B91DBBA271D}.Debug|Any CPU.ActiveCfg = Debug|Any CPU
		{EAEF7EBB-C06C-4527-B8F7-5B91DBBA271D}.Debug|Any CPU.Build.0 = Debug|Any CPU
		{EAEF7EBB-C06C-4527-B8F7-5B91DBBA271D}.Release|Any CPU.ActiveCfg = Release|Any CPU
		{EAEF7EBB-C06C-4527-B8F7-5B91DBBA271D}.Release|Any CPU.Build.0 = Release|Any CPU
		{060FFD74-1302-4DB2-9931-467112BDD429}.Debug|Any CPU.ActiveCfg = Debug|Any CPU
		{060FFD74-1302-4DB2-9931-467112BDD429}.Debug|Any CPU.Build.0 = Debug|Any CPU
		{060FFD74-1302-4DB2-9931-467112BDD429}.Release|Any CPU.ActiveCfg = Release|Any CPU
		{060FFD74-1302-4DB2-9931-467112BDD429}.Release|Any CPU.Build.0 = Release|Any CPU
		{01DC1438-35BC-43F7-8A29-8D17A03A67EB}.Debug|Any CPU.ActiveCfg = Debug|Any CPU
		{01DC1438-35BC-43F7-8A29-8D17A03A67EB}.Debug|Any CPU.Build.0 = Debug|Any CPU
		{01DC1438-35BC-43F7-8A29-8D17A03A67EB}.Release|Any CPU.ActiveCfg = Release|Any CPU
		{01DC1438-35BC-43F7-8A29-8D17A03A67EB}.Release|Any CPU.Build.0 = Release|Any CPU
		{EA784139-986E-47FF-8243-5D25740BC546}.Debug|Any CPU.ActiveCfg = Debug|Any CPU
		{EA784139-986E-47FF-8243-5D25740BC546}.Debug|Any CPU.Build.0 = Debug|Any CPU
		{EA784139-986E-47FF-8243-5D25740BC546}.Release|Any CPU.ActiveCfg = Release|Any CPU
		{EA784139-986E-47FF-8243-5D25740BC546}.Release|Any CPU.Build.0 = Release|Any CPU
		{09C04177-0AE8-4EB4-90FA-85AE5B854501}.Debug|Any CPU.ActiveCfg = Debug|Any CPU
		{09C04177-0AE8-4EB4-90FA-85AE5B854501}.Debug|Any CPU.Build.0 = Debug|Any CPU
		{09C04177-0AE8-4EB4-90FA-85AE5B854501}.Release|Any CPU.ActiveCfg = Release|Any CPU
		{09C04177-0AE8-4EB4-90FA-85AE5B854501}.Release|Any CPU.Build.0 = Release|Any CPU
		{8859B630-CE3F-4A13-AE8C-1C40EB36CA6B}.Debug|Any CPU.ActiveCfg = Debug|Any CPU
		{8859B630-CE3F-4A13-AE8C-1C40EB36CA6B}.Debug|Any CPU.Build.0 = Debug|Any CPU
		{8859B630-CE3F-4A13-AE8C-1C40EB36CA6B}.Release|Any CPU.ActiveCfg = Release|Any CPU
		{8859B630-CE3F-4A13-AE8C-1C40EB36CA6B}.Release|Any CPU.Build.0 = Release|Any CPU
		{83E23901-C750-4B35-AE8A-342B191E16B9}.Debug|Any CPU.ActiveCfg = Debug|Any CPU
		{83E23901-C750-4B35-AE8A-342B191E16B9}.Debug|Any CPU.Build.0 = Debug|Any CPU
		{83E23901-C750-4B35-AE8A-342B191E16B9}.Release|Any CPU.ActiveCfg = Release|Any CPU
		{83E23901-C750-4B35-AE8A-342B191E16B9}.Release|Any CPU.Build.0 = Release|Any CPU
		{867249E7-324E-46C1-B1F5-16D8D2922B34}.Debug|Any CPU.ActiveCfg = Debug|Any CPU
		{867249E7-324E-46C1-B1F5-16D8D2922B34}.Debug|Any CPU.Build.0 = Debug|Any CPU
		{867249E7-324E-46C1-B1F5-16D8D2922B34}.Release|Any CPU.ActiveCfg = Release|Any CPU
		{867249E7-324E-46C1-B1F5-16D8D2922B34}.Release|Any CPU.Build.0 = Release|Any CPU
		{E4E7BDDA-3501-41EC-8A36-E0B3230C6927}.Debug|Any CPU.ActiveCfg = Debug|Any CPU
		{E4E7BDDA-3501-41EC-8A36-E0B3230C6927}.Debug|Any CPU.Build.0 = Debug|Any CPU
		{E4E7BDDA-3501-41EC-8A36-E0B3230C6927}.Release|Any CPU.ActiveCfg = Release|Any CPU
		{E4E7BDDA-3501-41EC-8A36-E0B3230C6927}.Release|Any CPU.Build.0 = Release|Any CPU
		{7604A3E0-13B9-459A-9FB3-76B7D1B0B3BA}.Debug|Any CPU.ActiveCfg = Debug|Any CPU
		{7604A3E0-13B9-459A-9FB3-76B7D1B0B3BA}.Debug|Any CPU.Build.0 = Debug|Any CPU
		{7604A3E0-13B9-459A-9FB3-76B7D1B0B3BA}.Release|Any CPU.ActiveCfg = Release|Any CPU
		{7604A3E0-13B9-459A-9FB3-76B7D1B0B3BA}.Release|Any CPU.Build.0 = Release|Any CPU
		{4F7A6AD9-53FE-4B4E-B498-E20E205BBAC6}.Debug|Any CPU.ActiveCfg = Debug|Any CPU
		{4F7A6AD9-53FE-4B4E-B498-E20E205BBAC6}.Debug|Any CPU.Build.0 = Debug|Any CPU
		{4F7A6AD9-53FE-4B4E-B498-E20E205BBAC6}.Release|Any CPU.ActiveCfg = Release|Any CPU
		{4F7A6AD9-53FE-4B4E-B498-E20E205BBAC6}.Release|Any CPU.Build.0 = Release|Any CPU
		{A3ED6E82-2AAC-4E6F-A28E-D17D2BF72B84}.Debug|Any CPU.ActiveCfg = Debug|Any CPU
		{A3ED6E82-2AAC-4E6F-A28E-D17D2BF72B84}.Debug|Any CPU.Build.0 = Debug|Any CPU
		{A3ED6E82-2AAC-4E6F-A28E-D17D2BF72B84}.Release|Any CPU.ActiveCfg = Release|Any CPU
		{A3ED6E82-2AAC-4E6F-A28E-D17D2BF72B84}.Release|Any CPU.Build.0 = Release|Any CPU
		{F39845E8-07C3-403C-BBB7-761F221FF946}.Debug|Any CPU.ActiveCfg = Debug|Any CPU
		{F39845E8-07C3-403C-BBB7-761F221FF946}.Debug|Any CPU.Build.0 = Debug|Any CPU
		{F39845E8-07C3-403C-BBB7-761F221FF946}.Release|Any CPU.ActiveCfg = Release|Any CPU
		{F39845E8-07C3-403C-BBB7-761F221FF946}.Release|Any CPU.Build.0 = Release|Any CPU
		{B2C1B0AF-1F78-4D8E-94C5-CA465B05DC25}.Debug|Any CPU.ActiveCfg = Debug|Any CPU
		{B2C1B0AF-1F78-4D8E-94C5-CA465B05DC25}.Debug|Any CPU.Build.0 = Debug|Any CPU
		{B2C1B0AF-1F78-4D8E-94C5-CA465B05DC25}.Release|Any CPU.ActiveCfg = Release|Any CPU
		{B2C1B0AF-1F78-4D8E-94C5-CA465B05DC25}.Release|Any CPU.Build.0 = Release|Any CPU
		{198A4D15-0AB4-43F1-9EB9-C1FA218F825D}.Debug|Any CPU.ActiveCfg = Debug|Any CPU
		{198A4D15-0AB4-43F1-9EB9-C1FA218F825D}.Debug|Any CPU.Build.0 = Debug|Any CPU
		{198A4D15-0AB4-43F1-9EB9-C1FA218F825D}.Release|Any CPU.ActiveCfg = Release|Any CPU
		{198A4D15-0AB4-43F1-9EB9-C1FA218F825D}.Release|Any CPU.Build.0 = Release|Any CPU
		{FE636B2E-6A52-4821-AFAF-4450E1B3520B}.Debug|Any CPU.ActiveCfg = Debug|Any CPU
		{FE636B2E-6A52-4821-AFAF-4450E1B3520B}.Debug|Any CPU.Build.0 = Debug|Any CPU
		{FE636B2E-6A52-4821-AFAF-4450E1B3520B}.Release|Any CPU.ActiveCfg = Release|Any CPU
		{FE636B2E-6A52-4821-AFAF-4450E1B3520B}.Release|Any CPU.Build.0 = Release|Any CPU
		{F3DD6B39-E8AA-44D5-BBD3-48B6988D7EE7}.Debug|Any CPU.ActiveCfg = Debug|Any CPU
		{F3DD6B39-E8AA-44D5-BBD3-48B6988D7EE7}.Debug|Any CPU.Build.0 = Debug|Any CPU
		{F3DD6B39-E8AA-44D5-BBD3-48B6988D7EE7}.Release|Any CPU.ActiveCfg = Release|Any CPU
		{F3DD6B39-E8AA-44D5-BBD3-48B6988D7EE7}.Release|Any CPU.Build.0 = Release|Any CPU
		{7B6D37EE-F377-4660-A29D-F9C458C31977}.Debug|Any CPU.ActiveCfg = Debug|Any CPU
		{7B6D37EE-F377-4660-A29D-F9C458C31977}.Debug|Any CPU.Build.0 = Debug|Any CPU
		{7B6D37EE-F377-4660-A29D-F9C458C31977}.Release|Any CPU.ActiveCfg = Release|Any CPU
		{7B6D37EE-F377-4660-A29D-F9C458C31977}.Release|Any CPU.Build.0 = Release|Any CPU
		{6B821EE1-5C48-4C30-B3F5-90CC3DD508BC}.Debug|Any CPU.ActiveCfg = Debug|Any CPU
		{6B821EE1-5C48-4C30-B3F5-90CC3DD508BC}.Debug|Any CPU.Build.0 = Debug|Any CPU
		{6B821EE1-5C48-4C30-B3F5-90CC3DD508BC}.Release|Any CPU.ActiveCfg = Release|Any CPU
		{6B821EE1-5C48-4C30-B3F5-90CC3DD508BC}.Release|Any CPU.Build.0 = Release|Any CPU
	EndGlobalSection
	GlobalSection(SolutionProperties) = preSolution
		HideSolutionNode = FALSE
	EndGlobalSection
	GlobalSection(ExtensibilityGlobals) = postSolution
		SolutionGuid = {62BFD9B3-CD24-4F5B-A9EE-B9EE460AE840}
	EndGlobalSection
EndGlobal
